// !$*UTF8*$!
{
	archiveVersion = 1;
	classes = {
	};
	objectVersion = 77;
	objects = {

/* Begin PBXBuildFile section */
		44CCBFB5D7D467BC7208FDDB /* Pods_Manabu.framework in Frameworks */ = {isa = PBXBuildFile; fileRef = 778F8471626765F0D0569AD5 /* Pods_Manabu.framework */; };
		A4BBF4193244BED55F810CEF /* Pods_Manabu_ManabuUITests.framework in Frameworks */ = {isa = PBXBuildFile; fileRef = 56E8C92465D0BBC0E9BCCA0D /* Pods_Manabu_ManabuUITests.framework */; };
		B9BAABA31EB856A5ED426435 /* Pods_ManabuTests.framework in Frameworks */ = {isa = PBXBuildFile; fileRef = F4E1741F059DADCAC525E025 /* Pods_ManabuTests.framework */; };
/* End PBXBuildFile section */

/* Begin PBXContainerItemProxy section */
		A303F7A22F1E48130083DC65 /* PBXContainerItemProxy */ = {
			isa = PBXContainerItemProxy;
			containerPortal = A303F7802F1E48110083DC65 /* Project object */;
			proxyType = 1;
			remoteGlobalIDString = A303F7872F1E48110083DC65;
			remoteInfo = Manabu;
		};
		A303F7AC2F1E48130083DC65 /* PBXContainerItemProxy */ = {
			isa = PBXContainerItemProxy;
			containerPortal = A303F7802F1E48110083DC65 /* Project object */;
			proxyType = 1;
			remoteGlobalIDString = A303F7872F1E48110083DC65;
			remoteInfo = Manabu;
		};
/* End PBXContainerItemProxy section */

/* Begin PBXFileReference section */
		03E87266A10AC1059C4C4871 /* Pods-Manabu-ManabuUITests.debug.xcconfig */ = {isa = PBXFileReference; includeInIndex = 1; lastKnownFileType = text.xcconfig; name = "Pods-Manabu-ManabuUITests.debug.xcconfig"; path = "Target Support Files/Pods-Manabu-ManabuUITests/Pods-Manabu-ManabuUITests.debug.xcconfig"; sourceTree = "<group>"; };
		0CB89898BB4A7BC0996663AF /* Pods-ManabuTests.release.xcconfig */ = {isa = PBXFileReference; includeInIndex = 1; lastKnownFileType = text.xcconfig; name = "Pods-ManabuTests.release.xcconfig"; path = "Target Support Files/Pods-ManabuTests/Pods-ManabuTests.release.xcconfig"; sourceTree = "<group>"; };
		2395736E375CFBF4E42E3289 /* Pods-Manabu.release.xcconfig */ = {isa = PBXFileReference; includeInIndex = 1; lastKnownFileType = text.xcconfig; name = "Pods-Manabu.release.xcconfig"; path = "Target Support Files/Pods-Manabu/Pods-Manabu.release.xcconfig"; sourceTree = "<group>"; };
		48A8B0FC4E485ED2C4A911D5 /* Pods-Manabu-ManabuUITests.release.xcconfig */ = {isa = PBXFileReference; includeInIndex = 1; lastKnownFileType = text.xcconfig; name = "Pods-Manabu-ManabuUITests.release.xcconfig"; path = "Target Support Files/Pods-Manabu-ManabuUITests/Pods-Manabu-ManabuUITests.release.xcconfig"; sourceTree = "<group>"; };
		4DC996FEFA353D12DA6C836C /* Pods-Manabu.debug.xcconfig */ = {isa = PBXFileReference; includeInIndex = 1; lastKnownFileType = text.xcconfig; name = "Pods-Manabu.debug.xcconfig"; path = "Target Support Files/Pods-Manabu/Pods-Manabu.debug.xcconfig"; sourceTree = "<group>"; };
		56E8C92465D0BBC0E9BCCA0D /* Pods_Manabu_ManabuUITests.framework */ = {isa = PBXFileReference; explicitFileType = wrapper.framework; includeInIndex = 0; path = Pods_Manabu_ManabuUITests.framework; sourceTree = BUILT_PRODUCTS_DIR; };
		778F8471626765F0D0569AD5 /* Pods_Manabu.framework */ = {isa = PBXFileReference; explicitFileType = wrapper.framework; includeInIndex = 0; path = Pods_Manabu.framework; sourceTree = BUILT_PRODUCTS_DIR; };
		A303F7882F1E48110083DC65 /* Manabu.app */ = {isa = PBXFileReference; explicitFileType = wrapper.application; includeInIndex = 0; path = Manabu.app; sourceTree = BUILT_PRODUCTS_DIR; };
		A303F7A12F1E48130083DC65 /* ManabuTests.xctest */ = {isa = PBXFileReference; explicitFileType = wrapper.cfbundle; includeInIndex = 0; path = ManabuTests.xctest; sourceTree = BUILT_PRODUCTS_DIR; };
		A303F7AB2F1E48130083DC65 /* ManabuUITests.xctest */ = {isa = PBXFileReference; explicitFileType = wrapper.cfbundle; includeInIndex = 0; path = ManabuUITests.xctest; sourceTree = BUILT_PRODUCTS_DIR; };
		ED1586F88B09E6F13B235AB6 /* Pods-ManabuTests.debug.xcconfig */ = {isa = PBXFileReference; includeInIndex = 1; lastKnownFileType = text.xcconfig; name = "Pods-ManabuTests.debug.xcconfig"; path = "Target Support Files/Pods-ManabuTests/Pods-ManabuTests.debug.xcconfig"; sourceTree = "<group>"; };
		F4E1741F059DADCAC525E025 /* Pods_ManabuTests.framework */ = {isa = PBXFileReference; explicitFileType = wrapper.framework; includeInIndex = 0; path = Pods_ManabuTests.framework; sourceTree = BUILT_PRODUCTS_DIR; };
/* End PBXFileReference section */

/* Begin PBXFileSystemSynchronizedBuildFileExceptionSet section */
		A303F8742F1E9DC50083DC65 /* Exceptions for "Manabu" folder in "Manabu" target */ = {
			isa = PBXFileSystemSynchronizedBuildFileExceptionSet;
			membershipExceptions = (
				Info.plist,
				Managers/PersistenceManagerSpec.swift,
				Screens/Play/Home/PlayHomeViewModelSpec.swift,
			);
			target = A303F7872F1E48110083DC65 /* Manabu */;
		};
		A35797632F2B8D86007CAB41 /* Exceptions for "Manabu" folder in "ManabuTests" target */ = {
			isa = PBXFileSystemSynchronizedBuildFileExceptionSet;
			membershipExceptions = (
				Managers/PersistenceManagerSpec.swift,
				Screens/Play/Home/PlayHomeViewModelSpec.swift,
			);
			target = A303F7A02F1E48130083DC65 /* ManabuTests */;
		};
/* End PBXFileSystemSynchronizedBuildFileExceptionSet section */

/* Begin PBXFileSystemSynchronizedRootGroup section */
		A303F78A2F1E48110083DC65 /* Manabu */ = {
			isa = PBXFileSystemSynchronizedRootGroup;
			exceptions = (
				A303F8742F1E9DC50083DC65 /* Exceptions for "Manabu" folder in "Manabu" target */,
				A35797632F2B8D86007CAB41 /* Exceptions for "Manabu" folder in "ManabuTests" target */,
			);
			path = Manabu;
			sourceTree = "<group>";
		};
		A303F7A42F1E48130083DC65 /* ManabuTests */ = {
			isa = PBXFileSystemSynchronizedRootGroup;
			path = ManabuTests;
			sourceTree = "<group>";
		};
		A303F7AE2F1E48130083DC65 /* ManabuUITests */ = {
			isa = PBXFileSystemSynchronizedRootGroup;
			path = ManabuUITests;
			sourceTree = "<group>";
		};
/* End PBXFileSystemSynchronizedRootGroup section */

/* Begin PBXFrameworksBuildPhase section */
		A303F7852F1E48110083DC65 /* Frameworks */ = {
			isa = PBXFrameworksBuildPhase;
			buildActionMask = 2147483647;
			files = (
				44CCBFB5D7D467BC7208FDDB /* Pods_Manabu.framework in Frameworks */,
			);
			runOnlyForDeploymentPostprocessing = 0;
		};
		A303F79E2F1E48130083DC65 /* Frameworks */ = {
			isa = PBXFrameworksBuildPhase;
			buildActionMask = 2147483647;
			files = (
				B9BAABA31EB856A5ED426435 /* Pods_ManabuTests.framework in Frameworks */,
			);
			runOnlyForDeploymentPostprocessing = 0;
		};
		A303F7A82F1E48130083DC65 /* Frameworks */ = {
			isa = PBXFrameworksBuildPhase;
			buildActionMask = 2147483647;
			files = (
				A4BBF4193244BED55F810CEF /* Pods_Manabu_ManabuUITests.framework in Frameworks */,
			);
			runOnlyForDeploymentPostprocessing = 0;
		};
/* End PBXFrameworksBuildPhase section */

/* Begin PBXGroup section */
		824BE12A6EA9E69A572739E9 /* Pods */ = {
			isa = PBXGroup;
			children = (
				4DC996FEFA353D12DA6C836C /* Pods-Manabu.debug.xcconfig */,
				2395736E375CFBF4E42E3289 /* Pods-Manabu.release.xcconfig */,
				03E87266A10AC1059C4C4871 /* Pods-Manabu-ManabuUITests.debug.xcconfig */,
				48A8B0FC4E485ED2C4A911D5 /* Pods-Manabu-ManabuUITests.release.xcconfig */,
				ED1586F88B09E6F13B235AB6 /* Pods-ManabuTests.debug.xcconfig */,
				0CB89898BB4A7BC0996663AF /* Pods-ManabuTests.release.xcconfig */,
			);
			path = Pods;
			sourceTree = "<group>";
		};
		A303F77F2F1E48110083DC65 = {
			isa = PBXGroup;
			children = (
				A303F78A2F1E48110083DC65 /* Manabu */,
				A303F7A42F1E48130083DC65 /* ManabuTests */,
				A303F7AE2F1E48130083DC65 /* ManabuUITests */,
				A303F7892F1E48110083DC65 /* Products */,
				824BE12A6EA9E69A572739E9 /* Pods */,
				F40EDC09E22366C97C9F35AA /* Frameworks */,
			);
			sourceTree = "<group>";
		};
		A303F7892F1E48110083DC65 /* Products */ = {
			isa = PBXGroup;
			children = (
				A303F7882F1E48110083DC65 /* Manabu.app */,
				A303F7A12F1E48130083DC65 /* ManabuTests.xctest */,
				A303F7AB2F1E48130083DC65 /* ManabuUITests.xctest */,
			);
			name = Products;
			sourceTree = "<group>";
		};
		F40EDC09E22366C97C9F35AA /* Frameworks */ = {
			isa = PBXGroup;
			children = (
				778F8471626765F0D0569AD5 /* Pods_Manabu.framework */,
				56E8C92465D0BBC0E9BCCA0D /* Pods_Manabu_ManabuUITests.framework */,
				F4E1741F059DADCAC525E025 /* Pods_ManabuTests.framework */,
			);
			name = Frameworks;
			sourceTree = "<group>";
		};
/* End PBXGroup section */

/* Begin PBXNativeTarget section */
		A303F7872F1E48110083DC65 /* Manabu */ = {
			isa = PBXNativeTarget;
			buildConfigurationList = A303F7B42F1E48130083DC65 /* Build configuration list for PBXNativeTarget "Manabu" */;
			buildPhases = (
				6DDA721A292FC4EF1065265E /* [CP] Check Pods Manifest.lock */,
				A303F7852F1E48110083DC65 /* Frameworks */,
				A32A81BE2F2A445C00E274E5 /* ShellScript */,
				A303F7862F1E48110083DC65 /* Resources */,
				A303F7842F1E48110083DC65 /* Sources */,
			);
			buildRules = (
			);
			dependencies = (
			);
			fileSystemSynchronizedGroups = (
				A303F78A2F1E48110083DC65 /* Manabu */,
			);
			name = Manabu;
			productName = Manabu;
			productReference = A303F7882F1E48110083DC65 /* Manabu.app */;
			productType = "com.apple.product-type.application";
		};
		A303F7A02F1E48130083DC65 /* ManabuTests */ = {
			isa = PBXNativeTarget;
			buildConfigurationList = A303F7B92F1E48130083DC65 /* Build configuration list for PBXNativeTarget "ManabuTests" */;
			buildPhases = (
				8DD01EEE56F5B1AFB5D9D5AB /* [CP] Check Pods Manifest.lock */,
				A303F79D2F1E48130083DC65 /* Sources */,
				A303F79E2F1E48130083DC65 /* Frameworks */,
				A303F79F2F1E48130083DC65 /* Resources */,
			);
			buildRules = (
			);
			dependencies = (
				A303F7A32F1E48130083DC65 /* PBXTargetDependency */,
			);
			fileSystemSynchronizedGroups = (
				A303F7A42F1E48130083DC65 /* ManabuTests */,
			);
			name = ManabuTests;
			productName = ManabuTests;
			productReference = A303F7A12F1E48130083DC65 /* ManabuTests.xctest */;
			productType = "com.apple.product-type.bundle.unit-test";
		};
		A303F7AA2F1E48130083DC65 /* ManabuUITests */ = {
			isa = PBXNativeTarget;
			buildConfigurationList = A303F7BC2F1E48130083DC65 /* Build configuration list for PBXNativeTarget "ManabuUITests" */;
			buildPhases = (
				D1E159CCF4A0597C60F866EB /* [CP] Check Pods Manifest.lock */,
				A303F7A72F1E48130083DC65 /* Sources */,
				A303F7A82F1E48130083DC65 /* Frameworks */,
				A303F7A92F1E48130083DC65 /* Resources */,
			);
			buildRules = (
			);
			dependencies = (
				A303F7AD2F1E48130083DC65 /* PBXTargetDependency */,
			);
			fileSystemSynchronizedGroups = (
				A303F7AE2F1E48130083DC65 /* ManabuUITests */,
			);
			name = ManabuUITests;
			productName = ManabuUITests;
			productReference = A303F7AB2F1E48130083DC65 /* ManabuUITests.xctest */;
			productType = "com.apple.product-type.bundle.ui-testing";
		};
/* End PBXNativeTarget section */

/* Begin PBXProject section */
		A303F7802F1E48110083DC65 /* Project object */ = {
			isa = PBXProject;
			attributes = {
				BuildIndependentTargetsInParallel = 1;
				LastSwiftUpdateCheck = 2610;
				LastUpgradeCheck = 2610;
				TargetAttributes = {
					A303F7872F1E48110083DC65 = {
						CreatedOnToolsVersion = 26.1.1;
					};
					A303F7A02F1E48130083DC65 = {
						CreatedOnToolsVersion = 26.1.1;
						TestTargetID = A303F7872F1E48110083DC65;
					};
					A303F7AA2F1E48130083DC65 = {
						CreatedOnToolsVersion = 26.1.1;
						TestTargetID = A303F7872F1E48110083DC65;
					};
				};
			};
			buildConfigurationList = A303F7832F1E48110083DC65 /* Build configuration list for PBXProject "Manabu" */;
			developmentRegion = en;
			hasScannedForEncodings = 0;
			knownRegions = (
				en,
				Base,
			);
			mainGroup = A303F77F2F1E48110083DC65;
			minimizedProjectReferenceProxies = 1;
			preferredProjectObjectVersion = 77;
			productRefGroup = A303F7892F1E48110083DC65 /* Products */;
			projectDirPath = "";
			projectRoot = "";
			targets = (
				A303F7872F1E48110083DC65 /* Manabu */,
				A303F7A02F1E48130083DC65 /* ManabuTests */,
				A303F7AA2F1E48130083DC65 /* ManabuUITests */,
			);
		};
/* End PBXProject section */

/* Begin PBXResourcesBuildPhase section */
		A303F7862F1E48110083DC65 /* Resources */ = {
			isa = PBXResourcesBuildPhase;
			buildActionMask = 2147483647;
			files = (
			);
			runOnlyForDeploymentPostprocessing = 0;
		};
		A303F79F2F1E48130083DC65 /* Resources */ = {
			isa = PBXResourcesBuildPhase;
			buildActionMask = 2147483647;
			files = (
			);
			runOnlyForDeploymentPostprocessing = 0;
		};
		A303F7A92F1E48130083DC65 /* Resources */ = {
			isa = PBXResourcesBuildPhase;
			buildActionMask = 2147483647;
			files = (
			);
			runOnlyForDeploymentPostprocessing = 0;
		};
/* End PBXResourcesBuildPhase section */

/* Begin PBXShellScriptBuildPhase section */
		6DDA721A292FC4EF1065265E /* [CP] Check Pods Manifest.lock */ = {
			isa = PBXShellScriptBuildPhase;
			buildActionMask = 2147483647;
			files = (
			);
			inputFileListPaths = (
			);
			inputPaths = (
				"${PODS_PODFILE_DIR_PATH}/Podfile.lock",
				"${PODS_ROOT}/Manifest.lock",
			);
			name = "[CP] Check Pods Manifest.lock";
			outputFileListPaths = (
			);
			outputPaths = (
				"$(DERIVED_FILE_DIR)/Pods-Manabu-checkManifestLockResult.txt",
			);
			runOnlyForDeploymentPostprocessing = 0;
			shellPath = /bin/sh;
			shellScript = "diff \"${PODS_PODFILE_DIR_PATH}/Podfile.lock\" \"${PODS_ROOT}/Manifest.lock\" > /dev/null\nif [ $? != 0 ] ; then\n    # print error to STDERR\n    echo \"error: The sandbox is not in sync with the Podfile.lock. Run 'pod install' or update your CocoaPods installation.\" >&2\n    exit 1\nfi\n# This output is used by Xcode 'outputs' to avoid re-running this script phase.\necho \"SUCCESS\" > \"${SCRIPT_OUTPUT_FILE_0}\"\n";
			showEnvVarsInLog = 0;
		};
		8DD01EEE56F5B1AFB5D9D5AB /* [CP] Check Pods Manifest.lock */ = {
			isa = PBXShellScriptBuildPhase;
			buildActionMask = 2147483647;
			files = (
			);
			inputFileListPaths = (
			);
			inputPaths = (
				"${PODS_PODFILE_DIR_PATH}/Podfile.lock",
				"${PODS_ROOT}/Manifest.lock",
			);
			name = "[CP] Check Pods Manifest.lock";
			outputFileListPaths = (
			);
			outputPaths = (
				"$(DERIVED_FILE_DIR)/Pods-ManabuTests-checkManifestLockResult.txt",
			);
			runOnlyForDeploymentPostprocessing = 0;
			shellPath = /bin/sh;
			shellScript = "diff \"${PODS_PODFILE_DIR_PATH}/Podfile.lock\" \"${PODS_ROOT}/Manifest.lock\" > /dev/null\nif [ $? != 0 ] ; then\n    # print error to STDERR\n    echo \"error: The sandbox is not in sync with the Podfile.lock. Run 'pod install' or update your CocoaPods installation.\" >&2\n    exit 1\nfi\n# This output is used by Xcode 'outputs' to avoid re-running this script phase.\necho \"SUCCESS\" > \"${SCRIPT_OUTPUT_FILE_0}\"\n";
			showEnvVarsInLog = 0;
		};
		A32A81BE2F2A445C00E274E5 /* ShellScript */ = {
			isa = PBXShellScriptBuildPhase;
			buildActionMask = 2147483647;
			files = (
			);
			inputFileListPaths = (
			);
			inputPaths = (
			);
			outputFileListPaths = (
			);
			outputPaths = (
			);
			runOnlyForDeploymentPostprocessing = 0;
			shellPath = /bin/sh;
			shellScript = "# Type a script or drag a script file from your workspace to insert its path.\n ./Pods/Sourcery/bin/sourcery --config .sourcery.yml\n";
		};
		D1E159CCF4A0597C60F866EB /* [CP] Check Pods Manifest.lock */ = {
			isa = PBXShellScriptBuildPhase;
			buildActionMask = 2147483647;
			files = (
			);
			inputFileListPaths = (
			);
			inputPaths = (
				"${PODS_PODFILE_DIR_PATH}/Podfile.lock",
				"${PODS_ROOT}/Manifest.lock",
			);
			name = "[CP] Check Pods Manifest.lock";
			outputFileListPaths = (
			);
			outputPaths = (
				"$(DERIVED_FILE_DIR)/Pods-Manabu-ManabuUITests-checkManifestLockResult.txt",
			);
			runOnlyForDeploymentPostprocessing = 0;
			shellPath = /bin/sh;
			shellScript = "diff \"${PODS_PODFILE_DIR_PATH}/Podfile.lock\" \"${PODS_ROOT}/Manifest.lock\" > /dev/null\nif [ $? != 0 ] ; then\n    # print error to STDERR\n    echo \"error: The sandbox is not in sync with the Podfile.lock. Run 'pod install' or update your CocoaPods installation.\" >&2\n    exit 1\nfi\n# This output is used by Xcode 'outputs' to avoid re-running this script phase.\necho \"SUCCESS\" > \"${SCRIPT_OUTPUT_FILE_0}\"\n";
			showEnvVarsInLog = 0;
		};
/* End PBXShellScriptBuildPhase section */

/* Begin PBXSourcesBuildPhase section */
		A303F7842F1E48110083DC65 /* Sources */ = {
			isa = PBXSourcesBuildPhase;
			buildActionMask = 2147483647;
			files = (
			);
			runOnlyForDeploymentPostprocessing = 0;
		};
		A303F79D2F1E48130083DC65 /* Sources */ = {
			isa = PBXSourcesBuildPhase;
			buildActionMask = 2147483647;
			files = (
			);
			runOnlyForDeploymentPostprocessing = 0;
		};
		A303F7A72F1E48130083DC65 /* Sources */ = {
			isa = PBXSourcesBuildPhase;
			buildActionMask = 2147483647;
			files = (
			);
			runOnlyForDeploymentPostprocessing = 0;
		};
/* End PBXSourcesBuildPhase section */

/* Begin PBXTargetDependency section */
		A303F7A32F1E48130083DC65 /* PBXTargetDependency */ = {
			isa = PBXTargetDependency;
			target = A303F7872F1E48110083DC65 /* Manabu */;
			targetProxy = A303F7A22F1E48130083DC65 /* PBXContainerItemProxy */;
		};
		A303F7AD2F1E48130083DC65 /* PBXTargetDependency */ = {
			isa = PBXTargetDependency;
			target = A303F7872F1E48110083DC65 /* Manabu */;
			targetProxy = A303F7AC2F1E48130083DC65 /* PBXContainerItemProxy */;
		};
/* End PBXTargetDependency section */

/* Begin XCBuildConfiguration section */
		A303F7B52F1E48130083DC65 /* Debug */ = {
			isa = XCBuildConfiguration;
			baseConfigurationReference = 4DC996FEFA353D12DA6C836C /* Pods-Manabu.debug.xcconfig */;
			buildSettings = {
				ASSETCATALOG_COMPILER_APPICON_NAME = AppIcon;
				ASSETCATALOG_COMPILER_GLOBAL_ACCENT_COLOR_NAME = AccentColor;
				CODE_SIGN_STYLE = Automatic;
				CURRENT_PROJECT_VERSION = 1;
				DEVELOPMENT_TEAM = 2VG9YM26SU;
				ENABLE_USER_SCRIPT_SANDBOXING = NO;
				GENERATE_INFOPLIST_FILE = YES;
				INFOPLIST_FILE = Manabu/Info.plist;
				INFOPLIST_KEY_UIApplicationSupportsIndirectInputEvents = YES;
				INFOPLIST_KEY_UILaunchStoryboardName = LaunchScreen;
				INFOPLIST_KEY_UISupportedInterfaceOrientations = "UIInterfaceOrientationLandscapeLeft UIInterfaceOrientationLandscapeRight UIInterfaceOrientationPortrait";
				INFOPLIST_KEY_UISupportedInterfaceOrientations_iPad = "UIInterfaceOrientationPortrait UIInterfaceOrientationPortraitUpsideDown";
				IPHONEOS_DEPLOYMENT_TARGET = 15;
				LD_RUNPATH_SEARCH_PATHS = (
					"$(inherited)",
					"@executable_path/Frameworks",
				);
				MARKETING_VERSION = 1.0;
				PRODUCT_BUNDLE_IDENTIFIER = "Luke-Mawer.Manabu";
				PRODUCT_NAME = "$(TARGET_NAME)";
				STRING_CATALOG_GENERATE_SYMBOLS = YES;
				SWIFT_APPROACHABLE_CONCURRENCY = YES;
				SWIFT_DEFAULT_ACTOR_ISOLATION = MainActor;
				SWIFT_EMIT_LOC_STRINGS = YES;
				SWIFT_UPCOMING_FEATURE_MEMBER_IMPORT_VISIBILITY = YES;
				SWIFT_VERSION = 5.0;
				TARGETED_DEVICE_FAMILY = "1,2";
			};
			name = Debug;
		};
		A303F7B62F1E48130083DC65 /* Release */ = {
			isa = XCBuildConfiguration;
			baseConfigurationReference = 2395736E375CFBF4E42E3289 /* Pods-Manabu.release.xcconfig */;
			buildSettings = {
				ASSETCATALOG_COMPILER_APPICON_NAME = AppIcon;
				ASSETCATALOG_COMPILER_GLOBAL_ACCENT_COLOR_NAME = AccentColor;
				CODE_SIGN_STYLE = Automatic;
				CURRENT_PROJECT_VERSION = 1;
				DEVELOPMENT_TEAM = 2VG9YM26SU;
				ENABLE_USER_SCRIPT_SANDBOXING = NO;
				GENERATE_INFOPLIST_FILE = YES;
				INFOPLIST_FILE = Manabu/Info.plist;
				INFOPLIST_KEY_UIApplicationSupportsIndirectInputEvents = YES;
				INFOPLIST_KEY_UILaunchStoryboardName = LaunchScreen;
				INFOPLIST_KEY_UISupportedInterfaceOrientations = "UIInterfaceOrientationLandscapeLeft UIInterfaceOrientationLandscapeRight UIInterfaceOrientationPortrait";
				INFOPLIST_KEY_UISupportedInterfaceOrientations_iPad = "UIInterfaceOrientationPortrait UIInterfaceOrientationPortraitUpsideDown";
				IPHONEOS_DEPLOYMENT_TARGET = 15;
				LD_RUNPATH_SEARCH_PATHS = (
					"$(inherited)",
					"@executable_path/Frameworks",
				);
				MARKETING_VERSION = 1.0;
				PRODUCT_BUNDLE_IDENTIFIER = "Luke-Mawer.Manabu";
				PRODUCT_NAME = "$(TARGET_NAME)";
				STRING_CATALOG_GENERATE_SYMBOLS = YES;
				SWIFT_APPROACHABLE_CONCURRENCY = YES;
				SWIFT_DEFAULT_ACTOR_ISOLATION = MainActor;
				SWIFT_EMIT_LOC_STRINGS = YES;
				SWIFT_UPCOMING_FEATURE_MEMBER_IMPORT_VISIBILITY = YES;
				SWIFT_VERSION = 5.0;
				TARGETED_DEVICE_FAMILY = "1,2";
			};
			name = Release;
		};
		A303F7B72F1E48130083DC65 /* Debug */ = {
			isa = XCBuildConfiguration;
			buildSettings = {
				ALWAYS_SEARCH_USER_PATHS = NO;
				ASSETCATALOG_COMPILER_GENERATE_SWIFT_ASSET_SYMBOL_EXTENSIONS = YES;
				CLANG_ANALYZER_NONNULL = YES;
				CLANG_ANALYZER_NUMBER_OBJECT_CONVERSION = YES_AGGRESSIVE;
				CLANG_CXX_LANGUAGE_STANDARD = "gnu++20";
				CLANG_ENABLE_MODULES = YES;
				CLANG_ENABLE_OBJC_ARC = YES;
				CLANG_ENABLE_OBJC_WEAK = YES;
				CLANG_WARN_BLOCK_CAPTURE_AUTORELEASING = YES;
				CLANG_WARN_BOOL_CONVERSION = YES;
				CLANG_WARN_COMMA = YES;
				CLANG_WARN_CONSTANT_CONVERSION = YES;
				CLANG_WARN_DEPRECATED_OBJC_IMPLEMENTATIONS = YES;
				CLANG_WARN_DIRECT_OBJC_ISA_USAGE = YES_ERROR;
				CLANG_WARN_DOCUMENTATION_COMMENTS = YES;
				CLANG_WARN_EMPTY_BODY = YES;
				CLANG_WARN_ENUM_CONVERSION = YES;
				CLANG_WARN_INFINITE_RECURSION = YES;
				CLANG_WARN_INT_CONVERSION = YES;
				CLANG_WARN_NON_LITERAL_NULL_CONVERSION = YES;
				CLANG_WARN_OBJC_IMPLICIT_RETAIN_SELF = YES;
				CLANG_WARN_OBJC_LITERAL_CONVERSION = YES;
				CLANG_WARN_OBJC_ROOT_CLASS = YES_ERROR;
				CLANG_WARN_QUOTED_INCLUDE_IN_FRAMEWORK_HEADER = YES;
				CLANG_WARN_RANGE_LOOP_ANALYSIS = YES;
				CLANG_WARN_STRICT_PROTOTYPES = YES;
				CLANG_WARN_SUSPICIOUS_MOVE = YES;
				CLANG_WARN_UNGUARDED_AVAILABILITY = YES_AGGRESSIVE;
				CLANG_WARN_UNREACHABLE_CODE = YES;
				CLANG_WARN__DUPLICATE_METHOD_MATCH = YES;
				COPY_PHASE_STRIP = NO;
				DEBUG_INFORMATION_FORMAT = dwarf;
				DEVELOPMENT_TEAM = 2VG9YM26SU;
				ENABLE_STRICT_OBJC_MSGSEND = YES;
				ENABLE_TESTABILITY = YES;
				ENABLE_USER_SCRIPT_SANDBOXING = YES;
				GCC_C_LANGUAGE_STANDARD = gnu17;
				GCC_DYNAMIC_NO_PIC = NO;
				GCC_NO_COMMON_BLOCKS = YES;
				GCC_OPTIMIZATION_LEVEL = 0;
				GCC_PREPROCESSOR_DEFINITIONS = (
					"DEBUG=1",
					"$(inherited)",
				);
				GCC_WARN_64_TO_32_BIT_CONVERSION = YES;
				GCC_WARN_ABOUT_RETURN_TYPE = YES_ERROR;
				GCC_WARN_UNDECLARED_SELECTOR = YES;
				GCC_WARN_UNINITIALIZED_AUTOS = YES_AGGRESSIVE;
				GCC_WARN_UNUSED_FUNCTION = YES;
				GCC_WARN_UNUSED_VARIABLE = YES;
				IPHONEOS_DEPLOYMENT_TARGET = 26.1;
				LOCALIZATION_PREFERS_STRING_CATALOGS = YES;
				MTL_ENABLE_DEBUG_INFO = INCLUDE_SOURCE;
				MTL_FAST_MATH = YES;
				ONLY_ACTIVE_ARCH = YES;
				SDKROOT = iphoneos;
				STRING_CATALOG_GENERATE_SYMBOLS = YES;
				SWIFT_ACTIVE_COMPILATION_CONDITIONS = "DEBUG $(inherited)";
				SWIFT_OPTIMIZATION_LEVEL = "-Onone";
			};
			name = Debug;
		};
		A303F7B82F1E48130083DC65 /* Release */ = {
			isa = XCBuildConfiguration;
			buildSettings = {
				ALWAYS_SEARCH_USER_PATHS = NO;
				ASSETCATALOG_COMPILER_GENERATE_SWIFT_ASSET_SYMBOL_EXTENSIONS = YES;
				CLANG_ANALYZER_NONNULL = YES;
				CLANG_ANALYZER_NUMBER_OBJECT_CONVERSION = YES_AGGRESSIVE;
				CLANG_CXX_LANGUAGE_STANDARD = "gnu++20";
				CLANG_ENABLE_MODULES = YES;
				CLANG_ENABLE_OBJC_ARC = YES;
				CLANG_ENABLE_OBJC_WEAK = YES;
				CLANG_WARN_BLOCK_CAPTURE_AUTORELEASING = YES;
				CLANG_WARN_BOOL_CONVERSION = YES;
				CLANG_WARN_COMMA = YES;
				CLANG_WARN_CONSTANT_CONVERSION = YES;
				CLANG_WARN_DEPRECATED_OBJC_IMPLEMENTATIONS = YES;
				CLANG_WARN_DIRECT_OBJC_ISA_USAGE = YES_ERROR;
				CLANG_WARN_DOCUMENTATION_COMMENTS = YES;
				CLANG_WARN_EMPTY_BODY = YES;
				CLANG_WARN_ENUM_CONVERSION = YES;
				CLANG_WARN_INFINITE_RECURSION = YES;
				CLANG_WARN_INT_CONVERSION = YES;
				CLANG_WARN_NON_LITERAL_NULL_CONVERSION = YES;
				CLANG_WARN_OBJC_IMPLICIT_RETAIN_SELF = YES;
				CLANG_WARN_OBJC_LITERAL_CONVERSION = YES;
				CLANG_WARN_OBJC_ROOT_CLASS = YES_ERROR;
				CLANG_WARN_QUOTED_INCLUDE_IN_FRAMEWORK_HEADER = YES;
				CLANG_WARN_RANGE_LOOP_ANALYSIS = YES;
				CLANG_WARN_STRICT_PROTOTYPES = YES;
				CLANG_WARN_SUSPICIOUS_MOVE = YES;
				CLANG_WARN_UNGUARDED_AVAILABILITY = YES_AGGRESSIVE;
				CLANG_WARN_UNREACHABLE_CODE = YES;
				CLANG_WARN__DUPLICATE_METHOD_MATCH = YES;
				COPY_PHASE_STRIP = NO;
				DEBUG_INFORMATION_FORMAT = "dwarf-with-dsym";
				DEVELOPMENT_TEAM = 2VG9YM26SU;
				ENABLE_NS_ASSERTIONS = NO;
				ENABLE_STRICT_OBJC_MSGSEND = YES;
				ENABLE_USER_SCRIPT_SANDBOXING = YES;
				GCC_C_LANGUAGE_STANDARD = gnu17;
				GCC_NO_COMMON_BLOCKS = YES;
				GCC_WARN_64_TO_32_BIT_CONVERSION = YES;
				GCC_WARN_ABOUT_RETURN_TYPE = YES_ERROR;
				GCC_WARN_UNDECLARED_SELECTOR = YES;
				GCC_WARN_UNINITIALIZED_AUTOS = YES_AGGRESSIVE;
				GCC_WARN_UNUSED_FUNCTION = YES;
				GCC_WARN_UNUSED_VARIABLE = YES;
				IPHONEOS_DEPLOYMENT_TARGET = 26.1;
				LOCALIZATION_PREFERS_STRING_CATALOGS = YES;
				MTL_ENABLE_DEBUG_INFO = NO;
				MTL_FAST_MATH = YES;
				SDKROOT = iphoneos;
				STRING_CATALOG_GENERATE_SYMBOLS = YES;
				SWIFT_COMPILATION_MODE = wholemodule;
				VALIDATE_PRODUCT = YES;
			};
			name = Release;
		};
		A303F7BA2F1E48130083DC65 /* Debug */ = {
			isa = XCBuildConfiguration;
			baseConfigurationReference = ED1586F88B09E6F13B235AB6 /* Pods-ManabuTests.debug.xcconfig */;
			buildSettings = {
				BUNDLE_LOADER = "$(TEST_HOST)";
				CODE_SIGN_STYLE = Automatic;
				CURRENT_PROJECT_VERSION = 1;
				DEVELOPMENT_TEAM = 2VG9YM26SU;
				GENERATE_INFOPLIST_FILE = YES;
				IPHONEOS_DEPLOYMENT_TARGET = 26.1;
				MARKETING_VERSION = 1.0;
				PRODUCT_BUNDLE_IDENTIFIER = "Luke-Mawer.ManabuTests";
				PRODUCT_NAME = "$(TARGET_NAME)";
				STRING_CATALOG_GENERATE_SYMBOLS = NO;
				SWIFT_APPROACHABLE_CONCURRENCY = YES;
				SWIFT_EMIT_LOC_STRINGS = NO;
				SWIFT_UPCOMING_FEATURE_MEMBER_IMPORT_VISIBILITY = YES;
				SWIFT_VERSION = 5.0;
				TARGETED_DEVICE_FAMILY = "1,2";
				TEST_HOST = "$(BUILT_PRODUCTS_DIR)/Manabu.app/$(BUNDLE_EXECUTABLE_FOLDER_PATH)/Manabu";
			};
			name = Debug;
		};
		A303F7BB2F1E48130083DC65 /* Release */ = {
			isa = XCBuildConfiguration;
			baseConfigurationReference = 0CB89898BB4A7BC0996663AF /* Pods-ManabuTests.release.xcconfig */;
			buildSettings = {
				BUNDLE_LOADER = "$(TEST_HOST)";
				CODE_SIGN_STYLE = Automatic;
				CURRENT_PROJECT_VERSION = 1;
				DEVELOPMENT_TEAM = 2VG9YM26SU;
				GENERATE_INFOPLIST_FILE = YES;
				IPHONEOS_DEPLOYMENT_TARGET = 26.1;
				MARKETING_VERSION = 1.0;
				PRODUCT_BUNDLE_IDENTIFIER = "Luke-Mawer.ManabuTests";
				PRODUCT_NAME = "$(TARGET_NAME)";
				STRING_CATALOG_GENERATE_SYMBOLS = NO;
				SWIFT_APPROACHABLE_CONCURRENCY = YES;
				SWIFT_EMIT_LOC_STRINGS = NO;
				SWIFT_UPCOMING_FEATURE_MEMBER_IMPORT_VISIBILITY = YES;
				SWIFT_VERSION = 5.0;
				TARGETED_DEVICE_FAMILY = "1,2";
				TEST_HOST = "$(BUILT_PRODUCTS_DIR)/Manabu.app/$(BUNDLE_EXECUTABLE_FOLDER_PATH)/Manabu";
			};
			name = Release;
		};
		A303F7BD2F1E48130083DC65 /* Debug */ = {
			isa = XCBuildConfiguration;
			baseConfigurationReference = 03E87266A10AC1059C4C4871 /* Pods-Manabu-ManabuUITests.debug.xcconfig */;
			buildSettings = {
				CODE_SIGN_STYLE = Automatic;
				CURRENT_PROJECT_VERSION = 1;
				DEVELOPMENT_TEAM = 2VG9YM26SU;
				GENERATE_INFOPLIST_FILE = YES;
				MARKETING_VERSION = 1.0;
				PRODUCT_BUNDLE_IDENTIFIER = "Luke-Mawer.ManabuUITests";
				PRODUCT_NAME = "$(TARGET_NAME)";
				STRING_CATALOG_GENERATE_SYMBOLS = NO;
				SWIFT_APPROACHABLE_CONCURRENCY = YES;
				SWIFT_EMIT_LOC_STRINGS = NO;
				SWIFT_UPCOMING_FEATURE_MEMBER_IMPORT_VISIBILITY = YES;
				SWIFT_VERSION = 5.0;
				TARGETED_DEVICE_FAMILY = "1,2";
				TEST_TARGET_NAME = Manabu;
			};
			name = Debug;
		};
		A303F7BE2F1E48130083DC65 /* Release */ = {
			isa = XCBuildConfiguration;
			baseConfigurationReference = 48A8B0FC4E485ED2C4A911D5 /* Pods-Manabu-ManabuUITests.release.xcconfig */;
			buildSettings = {
				CODE_SIGN_STYLE = Automatic;
				CURRENT_PROJECT_VERSION = 1;
				DEVELOPMENT_TEAM = 2VG9YM26SU;
				GENERATE_INFOPLIST_FILE = YES;
				MARKETING_VERSION = 1.0;
				PRODUCT_BUNDLE_IDENTIFIER = "Luke-Mawer.ManabuUITests";
				PRODUCT_NAME = "$(TARGET_NAME)";
				STRING_CATALOG_GENERATE_SYMBOLS = NO;
				SWIFT_APPROACHABLE_CONCURRENCY = YES;
				SWIFT_EMIT_LOC_STRINGS = NO;
				SWIFT_UPCOMING_FEATURE_MEMBER_IMPORT_VISIBILITY = YES;
				SWIFT_VERSION = 5.0;
				TARGETED_DEVICE_FAMILY = "1,2";
				TEST_TARGET_NAME = Manabu;
			};
			name = Release;
		};
/* End XCBuildConfiguration section */

/* Begin XCConfigurationList section */
		A303F7832F1E48110083DC65 /* Build configuration list for PBXProject "Manabu" */ = {
			isa = XCConfigurationList;
			buildConfigurations = (
				A303F7B72F1E48130083DC65 /* Debug */,
				A303F7B82F1E48130083DC65 /* Release */,
			);
			defaultConfigurationIsVisible = 0;
			defaultConfigurationName = Release;
		};
		A303F7B42F1E48130083DC65 /* Build configuration list for PBXNativeTarget "Manabu" */ = {
			isa = XCConfigurationList;
			buildConfigurations = (
				A303F7B52F1E48130083DC65 /* Debug */,
				A303F7B62F1E48130083DC65 /* Release */,
			);
			defaultConfigurationIsVisible = 0;
			defaultConfigurationName = Release;
		};
		A303F7B92F1E48130083DC65 /* Build configuration list for PBXNativeTarget "ManabuTests" */ = {
			isa = XCConfigurationList;
			buildConfigurations = (
				A303F7BA2F1E48130083DC65 /* Debug */,
				A303F7BB2F1E48130083DC65 /* Release */,
			);
			defaultConfigurationIsVisible = 0;
			defaultConfigurationName = Release;
		};
		A303F7BC2F1E48130083DC65 /* Build configuration list for PBXNativeTarget "ManabuUITests" */ = {
			isa = XCConfigurationList;
			buildConfigurations = (
				A303F7BD2F1E48130083DC65 /* Debug */,
				A303F7BE2F1E48130083DC65 /* Release */,
			);
			defaultConfigurationIsVisible = 0;
			defaultConfigurationName = Release;
		};
/* End XCConfigurationList section */
	};
	rootObject = A303F7802F1E48110083DC65 /* Project object */;
}
